
Microsoft Visual Studio Solution File, Format Version 12.00
# Visual Studio Version 17
VisualStudioVersion = 17.12.35506.116
MinimumVisualStudioVersion = 10.0.40219.1
Project("{2150E333-8FDC-42A3-9474-1A3956D46DE8}") = "src", "src", "{B566AD5E-F7BA-4D6C-9448-5AE0C8006A97}"
EndProject
Project("{2150E333-8FDC-42A3-9474-1A3956D46DE8}") = "modules", "modules", "{822C3DA9-C456-4798-88C0-08F55FEA9AC6}"
EndProject
Project("{2150E333-8FDC-42A3-9474-1A3956D46DE8}") = "common", "common", "{C082CCB8-2732-4A46-88CE-060797910837}"
EndProject
Project("{2150E333-8FDC-42A3-9474-1A3956D46DE8}") = "api", "api", "{922F3D27-6430-4824-AF9C-2EA005EA17D8}"
EndProject
Project("{2150E333-8FDC-42A3-9474-1A3956D46DE8}") = "clients", "clients", "{C9A523BA-4962-478F-93D3-258674C7EDAA}"
EndProject
Project("{FAE04EC0-301F-11D3-BF4B-00C04F79EFBC}") = "Common.Domain", "src\common\Common.Domain\Common.Domain.csproj", "{660968A0-3257-4F5D-B4AC-252B52A713BA}"
EndProject
Project("{FAE04EC0-301F-11D3-BF4B-00C04F79EFBC}") = "Common.Infrastructure", "src\common\Common.Infrastructure\Common.Infrastructure.csproj", "{C5C032A6-1540-4F93-82DD-46CBF1858EDF}"
EndProject
Project("{FAE04EC0-301F-11D3-BF4B-00C04F79EFBC}") = "Common.Application", "src\common\Common.Application\Common.Application.csproj", "{6EEB6E03-4618-43C8-9876-5FF30D951F5C}"
EndProject
Project("{FAE04EC0-301F-11D3-BF4B-00C04F79EFBC}") = "Common.Presentation", "src\common\Common.Presentation\Common.Presentation.csproj", "{D15DA012-D39B-4C77-9A3B-2E595555986D}"
EndProject
Project("{2150E333-8FDC-42A3-9474-1A3956D46DE8}") = "system", "system", "{081012ED-A386-4592-BFB4-A02959F63B31}"
EndProject
Project("{FAE04EC0-301F-11D3-BF4B-00C04F79EFBC}") = "System.Application", "src\modules\system\System.Application\System.Application.csproj", "{DA547A16-6076-4FB2-9A93-0AEEAA137BDE}"
EndProject
Project("{FAE04EC0-301F-11D3-BF4B-00C04F79EFBC}") = "System.Presentation", "src\modules\system\System.Presentation\System.Presentation.csproj", "{F8F52F2D-EAB7-4994-AAE2-444945CE5182}"
EndProject
Project("{FAE04EC0-301F-11D3-BF4B-00C04F79EFBC}") = "System.Infrastructure", "src\modules\system\System.Infrastructure\System.Infrastructure.csproj", "{B1F26F40-692F-4206-89D4-3A5FC1F39A2D}"
EndProject
Project("{FAE04EC0-301F-11D3-BF4B-00C04F79EFBC}") = "System.Domain", "src\modules\system\System.Domain\System.Domain.csproj", "{99BA78C5-742F-49EA-A93F-B8D101E888E7}"
EndProject
Project("{FAE04EC0-301F-11D3-BF4B-00C04F79EFBC}") = "Starter.API", "src\api\Starter.API\Starter.API.csproj", "{92DBBD24-2D68-4D22-AC10-9597002FE56A}"
EndProject
Project("{2150E333-8FDC-42A3-9474-1A3956D46DE8}") = "solution-items", "solution-items", "{BD065B3F-B2D1-4C28-98FB-678CB72F862A}"
	ProjectSection(SolutionItems) = preProject
		.editorconfig = .editorconfig
		solution-items\aspnetapp.pfx = solution-items\aspnetapp.pfx
		Directory.Build.props = Directory.Build.props
		solution-items\packages.txt = solution-items\packages.txt
		solution-items\process.txt = solution-items\process.txt
		solution-items\scripts.txt = solution-items\scripts.txt
	EndProjectSection
EndProject
Project("{FAE04EC0-301F-11D3-BF4B-00C04F79EFBC}") = "System.IntegrationEvents", "src\modules\system\System.IntegrationEvents\System.IntegrationEvents.csproj", "{3EE7ADCD-175E-4149-994F-4FA1D3FC141E}"
EndProject
Project("{2150E333-8FDC-42A3-9474-1A3956D46DE8}") = "inventory", "inventory", "{09DFE6EC-A569-43C4-83BE-A135D0637C8B}"
EndProject
Project("{FAE04EC0-301F-11D3-BF4B-00C04F79EFBC}") = "Inventory.Domain", "src\modules\inventory\Inventory.Domain\Inventory.Domain.csproj", "{CDE9E32E-56F0-4FEF-89A5-E476E0F4657F}"
EndProject
Project("{FAE04EC0-301F-11D3-BF4B-00C04F79EFBC}") = "Inventory.Infrastructure", "src\modules\inventory\Inventory.Infrastructure\Inventory.Infrastructure.csproj", "{87389B19-4E4A-400E-8E84-38AB060E5B24}"
EndProject
Project("{FAE04EC0-301F-11D3-BF4B-00C04F79EFBC}") = "Inventory.IntegrationEvents", "src\modules\inventory\Inventory.IntegrationEvents\Inventory.IntegrationEvents.csproj", "{A71A91F8-95AD-44B2-B3B5-97021370F046}"
EndProject
Project("{FAE04EC0-301F-11D3-BF4B-00C04F79EFBC}") = "Inventory.Presentation", "src\modules\inventory\Inventory.Presentation\Inventory.Presentation.csproj", "{D7A6BF11-B1D8-43EC-B5B2-F19420C6CC83}"
EndProject
Project("{FAE04EC0-301F-11D3-BF4B-00C04F79EFBC}") = "Inventory.Application", "src\modules\inventory\Inventory.Application\Inventory.Application.csproj", "{5599DC9F-561D-4EDE-AF26-CCEAF42B59F9}"
EndProject
Project("{E53339B2-1760-4266-BCC7-CA923CBCF16C}") = "docker-compose", "docker-compose.dcproj", "{0226423E-2612-4655-85C0-F21750ED85EC}"
EndProject
Project("{FAE04EC0-301F-11D3-BF4B-00C04F79EFBC}") = "Client.API", "src\api\Client.API\Client.API.csproj", "{6EB7BD11-67F2-4722-96F8-34A51A18497D}"
EndProject
Project("{FAE04EC0-301F-11D3-BF4B-00C04F79EFBC}") = "BlazorMaster", "src\clients\BlazorMaster\BlazorMaster.csproj", "{E6044A91-B5D3-47D1-B5A0-5B0146652C41}"
EndProject
Project("{2150E333-8FDC-42A3-9474-1A3956D46DE8}") = "certificates", "certificates", "{5E401183-7C7C-4A79-81E5-488821787D17}"
	ProjectSection(SolutionItems) = preProject
		solution-items\aspnetapp.pfx = solution-items\aspnetapp.pfx
	EndProjectSection
EndProject
Project("{2150E333-8FDC-42A3-9474-1A3956D46DE8}") = "parent", "parent", "{85FB6A18-D015-4BD2-83F4-6FF84E141816}"
EndProject
Project("{FAE04EC0-301F-11D3-BF4B-00C04F79EFBC}") = "Parent.Application", "src\modules\parent\Parent.Application\Parent.Application.csproj", "{5FC2A1CA-86CD-46F2-9E06-ED80B6C8E526}"
EndProject
Project("{FAE04EC0-301F-11D3-BF4B-00C04F79EFBC}") = "Parent.Domain", "src\modules\parent\Parent.Domain\Parent.Domain.csproj", "{C59CD407-CBB7-4150-A578-2CD9623BE9E0}"
EndProject
Project("{FAE04EC0-301F-11D3-BF4B-00C04F79EFBC}") = "Parent.Infrastructure", "src\modules\parent\Parent.Infrastructure\Parent.Infrastructure.csproj", "{6D63D72E-DDE0-4BA3-9934-747BB6DE3A36}"
EndProject
Project("{FAE04EC0-301F-11D3-BF4B-00C04F79EFBC}") = "Parent.Presentation", "src\modules\parent\Parent.Presentation\Parent.Presentation.csproj", "{1CC120D0-56E8-4CD6-ADE6-54E42E7AED68}"
EndProject
Global
	GlobalSection(SolutionConfigurationPlatforms) = preSolution
		Debug|Any CPU = Debug|Any CPU
		Release|Any CPU = Release|Any CPU
	EndGlobalSection
	GlobalSection(ProjectConfigurationPlatforms) = postSolution
		{660968A0-3257-4F5D-B4AC-252B52A713BA}.Debug|Any CPU.ActiveCfg = Debug|Any CPU
		{660968A0-3257-4F5D-B4AC-252B52A713BA}.Debug|Any CPU.Build.0 = Debug|Any CPU
		{660968A0-3257-4F5D-B4AC-252B52A713BA}.Release|Any CPU.ActiveCfg = Release|Any CPU
		{660968A0-3257-4F5D-B4AC-252B52A713BA}.Release|Any CPU.Build.0 = Release|Any CPU
		{C5C032A6-1540-4F93-82DD-46CBF1858EDF}.Debug|Any CPU.ActiveCfg = Debug|Any CPU
		{C5C032A6-1540-4F93-82DD-46CBF1858EDF}.Debug|Any CPU.Build.0 = Debug|Any CPU
		{C5C032A6-1540-4F93-82DD-46CBF1858EDF}.Release|Any CPU.ActiveCfg = Release|Any CPU
		{C5C032A6-1540-4F93-82DD-46CBF1858EDF}.Release|Any CPU.Build.0 = Release|Any CPU
		{6EEB6E03-4618-43C8-9876-5FF30D951F5C}.Debug|Any CPU.ActiveCfg = Debug|Any CPU
		{6EEB6E03-4618-43C8-9876-5FF30D951F5C}.Debug|Any CPU.Build.0 = Debug|Any CPU
		{6EEB6E03-4618-43C8-9876-5FF30D951F5C}.Release|Any CPU.ActiveCfg = Release|Any CPU
		{6EEB6E03-4618-43C8-9876-5FF30D951F5C}.Release|Any CPU.Build.0 = Release|Any CPU
		{D15DA012-D39B-4C77-9A3B-2E595555986D}.Debug|Any CPU.ActiveCfg = Debug|Any CPU
		{D15DA012-D39B-4C77-9A3B-2E595555986D}.Debug|Any CPU.Build.0 = Debug|Any CPU
		{D15DA012-D39B-4C77-9A3B-2E595555986D}.Release|Any CPU.ActiveCfg = Release|Any CPU
		{D15DA012-D39B-4C77-9A3B-2E595555986D}.Release|Any CPU.Build.0 = Release|Any CPU
		{DA547A16-6076-4FB2-9A93-0AEEAA137BDE}.Debug|Any CPU.ActiveCfg = Debug|Any CPU
		{DA547A16-6076-4FB2-9A93-0AEEAA137BDE}.Debug|Any CPU.Build.0 = Debug|Any CPU
		{DA547A16-6076-4FB2-9A93-0AEEAA137BDE}.Release|Any CPU.ActiveCfg = Release|Any CPU
		{DA547A16-6076-4FB2-9A93-0AEEAA137BDE}.Release|Any CPU.Build.0 = Release|Any CPU
		{F8F52F2D-EAB7-4994-AAE2-444945CE5182}.Debug|Any CPU.ActiveCfg = Debug|Any CPU
		{F8F52F2D-EAB7-4994-AAE2-444945CE5182}.Debug|Any CPU.Build.0 = Debug|Any CPU
		{F8F52F2D-EAB7-4994-AAE2-444945CE5182}.Release|Any CPU.ActiveCfg = Release|Any CPU
		{F8F52F2D-EAB7-4994-AAE2-444945CE5182}.Release|Any CPU.Build.0 = Release|Any CPU
		{B1F26F40-692F-4206-89D4-3A5FC1F39A2D}.Debug|Any CPU.ActiveCfg = Debug|Any CPU
		{B1F26F40-692F-4206-89D4-3A5FC1F39A2D}.Debug|Any CPU.Build.0 = Debug|Any CPU
		{B1F26F40-692F-4206-89D4-3A5FC1F39A2D}.Release|Any CPU.ActiveCfg = Release|Any CPU
		{B1F26F40-692F-4206-89D4-3A5FC1F39A2D}.Release|Any CPU.Build.0 = Release|Any CPU
		{99BA78C5-742F-49EA-A93F-B8D101E888E7}.Debug|Any CPU.ActiveCfg = Debug|Any CPU
		{99BA78C5-742F-49EA-A93F-B8D101E888E7}.Debug|Any CPU.Build.0 = Debug|Any CPU
		{99BA78C5-742F-49EA-A93F-B8D101E888E7}.Release|Any CPU.ActiveCfg = Release|Any CPU
		{99BA78C5-742F-49EA-A93F-B8D101E888E7}.Release|Any CPU.Build.0 = Release|Any CPU
		{92DBBD24-2D68-4D22-AC10-9597002FE56A}.Debug|Any CPU.ActiveCfg = Debug|Any CPU
		{92DBBD24-2D68-4D22-AC10-9597002FE56A}.Debug|Any CPU.Build.0 = Debug|Any CPU
		{92DBBD24-2D68-4D22-AC10-9597002FE56A}.Release|Any CPU.ActiveCfg = Release|Any CPU
		{92DBBD24-2D68-4D22-AC10-9597002FE56A}.Release|Any CPU.Build.0 = Release|Any CPU
		{3EE7ADCD-175E-4149-994F-4FA1D3FC141E}.Debug|Any CPU.ActiveCfg = Debug|Any CPU
		{3EE7ADCD-175E-4149-994F-4FA1D3FC141E}.Debug|Any CPU.Build.0 = Debug|Any CPU
		{3EE7ADCD-175E-4149-994F-4FA1D3FC141E}.Release|Any CPU.ActiveCfg = Release|Any CPU
		{3EE7ADCD-175E-4149-994F-4FA1D3FC141E}.Release|Any CPU.Build.0 = Release|Any CPU
		{CDE9E32E-56F0-4FEF-89A5-E476E0F4657F}.Debug|Any CPU.ActiveCfg = Debug|Any CPU
		{CDE9E32E-56F0-4FEF-89A5-E476E0F4657F}.Debug|Any CPU.Build.0 = Debug|Any CPU
		{CDE9E32E-56F0-4FEF-89A5-E476E0F4657F}.Release|Any CPU.ActiveCfg = Release|Any CPU
		{CDE9E32E-56F0-4FEF-89A5-E476E0F4657F}.Release|Any CPU.Build.0 = Release|Any CPU
		{87389B19-4E4A-400E-8E84-38AB060E5B24}.Debug|Any CPU.ActiveCfg = Debug|Any CPU
		{87389B19-4E4A-400E-8E84-38AB060E5B24}.Debug|Any CPU.Build.0 = Debug|Any CPU
		{87389B19-4E4A-400E-8E84-38AB060E5B24}.Release|Any CPU.ActiveCfg = Release|Any CPU
		{87389B19-4E4A-400E-8E84-38AB060E5B24}.Release|Any CPU.Build.0 = Release|Any CPU
		{A71A91F8-95AD-44B2-B3B5-97021370F046}.Debug|Any CPU.ActiveCfg = Debug|Any CPU
		{A71A91F8-95AD-44B2-B3B5-97021370F046}.Debug|Any CPU.Build.0 = Debug|Any CPU
		{A71A91F8-95AD-44B2-B3B5-97021370F046}.Release|Any CPU.ActiveCfg = Release|Any CPU
		{A71A91F8-95AD-44B2-B3B5-97021370F046}.Release|Any CPU.Build.0 = Release|Any CPU
		{D7A6BF11-B1D8-43EC-B5B2-F19420C6CC83}.Debug|Any CPU.ActiveCfg = Debug|Any CPU
		{D7A6BF11-B1D8-43EC-B5B2-F19420C6CC83}.Debug|Any CPU.Build.0 = Debug|Any CPU
		{D7A6BF11-B1D8-43EC-B5B2-F19420C6CC83}.Release|Any CPU.ActiveCfg = Release|Any CPU
		{D7A6BF11-B1D8-43EC-B5B2-F19420C6CC83}.Release|Any CPU.Build.0 = Release|Any CPU
		{5599DC9F-561D-4EDE-AF26-CCEAF42B59F9}.Debug|Any CPU.ActiveCfg = Debug|Any CPU
		{5599DC9F-561D-4EDE-AF26-CCEAF42B59F9}.Debug|Any CPU.Build.0 = Debug|Any CPU
		{5599DC9F-561D-4EDE-AF26-CCEAF42B59F9}.Release|Any CPU.ActiveCfg = Release|Any CPU
		{5599DC9F-561D-4EDE-AF26-CCEAF42B59F9}.Release|Any CPU.Build.0 = Release|Any CPU
		{0226423E-2612-4655-85C0-F21750ED85EC}.Debug|Any CPU.ActiveCfg = Debug|Any CPU
		{0226423E-2612-4655-85C0-F21750ED85EC}.Debug|Any CPU.Build.0 = Debug|Any CPU
		{0226423E-2612-4655-85C0-F21750ED85EC}.Release|Any CPU.ActiveCfg = Release|Any CPU
		{0226423E-2612-4655-85C0-F21750ED85EC}.Release|Any CPU.Build.0 = Release|Any CPU
		{6EB7BD11-67F2-4722-96F8-34A51A18497D}.Debug|Any CPU.ActiveCfg = Debug|Any CPU
		{6EB7BD11-67F2-4722-96F8-34A51A18497D}.Debug|Any CPU.Build.0 = Debug|Any CPU
		{6EB7BD11-67F2-4722-96F8-34A51A18497D}.Release|Any CPU.ActiveCfg = Release|Any CPU
		{6EB7BD11-67F2-4722-96F8-34A51A18497D}.Release|Any CPU.Build.0 = Release|Any CPU
		{E6044A91-B5D3-47D1-B5A0-5B0146652C41}.Debug|Any CPU.ActiveCfg = Debug|Any CPU
		{E6044A91-B5D3-47D1-B5A0-5B0146652C41}.Debug|Any CPU.Build.0 = Debug|Any CPU
		{E6044A91-B5D3-47D1-B5A0-5B0146652C41}.Release|Any CPU.ActiveCfg = Release|Any CPU
		{E6044A91-B5D3-47D1-B5A0-5B0146652C41}.Release|Any CPU.Build.0 = Release|Any CPU
		{5FC2A1CA-86CD-46F2-9E06-ED80B6C8E526}.Debug|Any CPU.ActiveCfg = Debug|Any CPU
		{5FC2A1CA-86CD-46F2-9E06-ED80B6C8E526}.Debug|Any CPU.Build.0 = Debug|Any CPU
		{5FC2A1CA-86CD-46F2-9E06-ED80B6C8E526}.Release|Any CPU.ActiveCfg = Release|Any CPU
		{5FC2A1CA-86CD-46F2-9E06-ED80B6C8E526}.Release|Any CPU.Build.0 = Release|Any CPU
		{C59CD407-CBB7-4150-A578-2CD9623BE9E0}.Debug|Any CPU.ActiveCfg = Debug|Any CPU
		{C59CD407-CBB7-4150-A578-2CD9623BE9E0}.Debug|Any CPU.Build.0 = Debug|Any CPU
		{C59CD407-CBB7-4150-A578-2CD9623BE9E0}.Release|Any CPU.ActiveCfg = Release|Any CPU
		{C59CD407-CBB7-4150-A578-2CD9623BE9E0}.Release|Any CPU.Build.0 = Release|Any CPU
		{6D63D72E-DDE0-4BA3-9934-747BB6DE3A36}.Debug|Any CPU.ActiveCfg = Debug|Any CPU
		{6D63D72E-DDE0-4BA3-9934-747BB6DE3A36}.Debug|Any CPU.Build.0 = Debug|Any CPU
		{6D63D72E-DDE0-4BA3-9934-747BB6DE3A36}.Release|Any CPU.ActiveCfg = Release|Any CPU
		{6D63D72E-DDE0-4BA3-9934-747BB6DE3A36}.Release|Any CPU.Build.0 = Release|Any CPU
		{1CC120D0-56E8-4CD6-ADE6-54E42E7AED68}.Debug|Any CPU.ActiveCfg = Debug|Any CPU
		{1CC120D0-56E8-4CD6-ADE6-54E42E7AED68}.Debug|Any CPU.Build.0 = Debug|Any CPU
		{1CC120D0-56E8-4CD6-ADE6-54E42E7AED68}.Release|Any CPU.ActiveCfg = Release|Any CPU
		{1CC120D0-56E8-4CD6-ADE6-54E42E7AED68}.Release|Any CPU.Build.0 = Release|Any CPU
	EndGlobalSection
	GlobalSection(SolutionProperties) = preSolution
		HideSolutionNode = FALSE
	EndGlobalSection
	GlobalSection(NestedProjects) = preSolution
		{822C3DA9-C456-4798-88C0-08F55FEA9AC6} = {B566AD5E-F7BA-4D6C-9448-5AE0C8006A97}
		{C082CCB8-2732-4A46-88CE-060797910837} = {B566AD5E-F7BA-4D6C-9448-5AE0C8006A97}
		{922F3D27-6430-4824-AF9C-2EA005EA17D8} = {B566AD5E-F7BA-4D6C-9448-5AE0C8006A97}
		{C9A523BA-4962-478F-93D3-258674C7EDAA} = {B566AD5E-F7BA-4D6C-9448-5AE0C8006A97}
		{660968A0-3257-4F5D-B4AC-252B52A713BA} = {C082CCB8-2732-4A46-88CE-060797910837}
		{C5C032A6-1540-4F93-82DD-46CBF1858EDF} = {C082CCB8-2732-4A46-88CE-060797910837}
		{6EEB6E03-4618-43C8-9876-5FF30D951F5C} = {C082CCB8-2732-4A46-88CE-060797910837}
		{D15DA012-D39B-4C77-9A3B-2E595555986D} = {C082CCB8-2732-4A46-88CE-060797910837}
		{081012ED-A386-4592-BFB4-A02959F63B31} = {822C3DA9-C456-4798-88C0-08F55FEA9AC6}
		{DA547A16-6076-4FB2-9A93-0AEEAA137BDE} = {081012ED-A386-4592-BFB4-A02959F63B31}
		{F8F52F2D-EAB7-4994-AAE2-444945CE5182} = {081012ED-A386-4592-BFB4-A02959F63B31}
		{B1F26F40-692F-4206-89D4-3A5FC1F39A2D} = {081012ED-A386-4592-BFB4-A02959F63B31}
		{99BA78C5-742F-49EA-A93F-B8D101E888E7} = {081012ED-A386-4592-BFB4-A02959F63B31}
		{92DBBD24-2D68-4D22-AC10-9597002FE56A} = {922F3D27-6430-4824-AF9C-2EA005EA17D8}
		{3EE7ADCD-175E-4149-994F-4FA1D3FC141E} = {081012ED-A386-4592-BFB4-A02959F63B31}
		{09DFE6EC-A569-43C4-83BE-A135D0637C8B} = {822C3DA9-C456-4798-88C0-08F55FEA9AC6}
		{CDE9E32E-56F0-4FEF-89A5-E476E0F4657F} = {09DFE6EC-A569-43C4-83BE-A135D0637C8B}
		{87389B19-4E4A-400E-8E84-38AB060E5B24} = {09DFE6EC-A569-43C4-83BE-A135D0637C8B}
		{A71A91F8-95AD-44B2-B3B5-97021370F046} = {09DFE6EC-A569-43C4-83BE-A135D0637C8B}
		{D7A6BF11-B1D8-43EC-B5B2-F19420C6CC83} = {09DFE6EC-A569-43C4-83BE-A135D0637C8B}
		{5599DC9F-561D-4EDE-AF26-CCEAF42B59F9} = {09DFE6EC-A569-43C4-83BE-A135D0637C8B}
		{6EB7BD11-67F2-4722-96F8-34A51A18497D} = {922F3D27-6430-4824-AF9C-2EA005EA17D8}
		{E6044A91-B5D3-47D1-B5A0-5B0146652C41} = {C9A523BA-4962-478F-93D3-258674C7EDAA}
		{5E401183-7C7C-4A79-81E5-488821787D17} = {BD065B3F-B2D1-4C28-98FB-678CB72F862A}
		{85FB6A18-D015-4BD2-83F4-6FF84E141816} = {822C3DA9-C456-4798-88C0-08F55FEA9AC6}
		{5FC2A1CA-86CD-46F2-9E06-ED80B6C8E526} = {85FB6A18-D015-4BD2-83F4-6FF84E141816}
		{C59CD407-CBB7-4150-A578-2CD9623BE9E0} = {85FB6A18-D015-4BD2-83F4-6FF84E141816}
		{6D63D72E-DDE0-4BA3-9934-747BB6DE3A36} = {85FB6A18-D015-4BD2-83F4-6FF84E141816}
		{1CC120D0-56E8-4CD6-ADE6-54E42E7AED68} = {85FB6A18-D015-4BD2-83F4-6FF84E141816}
	EndGlobalSection
EndGlobal
